// !$*UTF8*$!
{
	archiveVersion = 1;
	classes = {
	};
	objectVersion = 50;
	objects = {

/* Begin PBXBuildFile section */
		1C3C4D161563C4CEB0C8FEB0 /* Pods_flixsterUITests.framework in Frameworks */ = {isa = PBXBuildFile; fileRef = E9A32D985F5850673E5248CF /* Pods_flixsterUITests.framework */; };
		4B22538625D65909000F364E /* MovieCell.swift in Sources */ = {isa = PBXBuildFile; fileRef = 4B22538525D65909000F364E /* MovieCell.swift */; };
		4B2C8C0E25D4BB5200785DD5 /* AppDelegate.swift in Sources */ = {isa = PBXBuildFile; fileRef = 4B2C8C0D25D4BB5200785DD5 /* AppDelegate.swift */; };
		4B2C8C1025D4BB5200785DD5 /* SceneDelegate.swift in Sources */ = {isa = PBXBuildFile; fileRef = 4B2C8C0F25D4BB5200785DD5 /* SceneDelegate.swift */; };
		4B2C8C1225D4BB5200785DD5 /* ViewController.swift in Sources */ = {isa = PBXBuildFile; fileRef = 4B2C8C1125D4BB5200785DD5 /* ViewController.swift */; };
		4B2C8C1525D4BB5200785DD5 /* Main.storyboard in Resources */ = {isa = PBXBuildFile; fileRef = 4B2C8C1325D4BB5200785DD5 /* Main.storyboard */; };
		4B2C8C1725D4BB5400785DD5 /* Assets.xcassets in Resources */ = {isa = PBXBuildFile; fileRef = 4B2C8C1625D4BB5400785DD5 /* Assets.xcassets */; };
		4B2C8C1A25D4BB5400785DD5 /* LaunchScreen.storyboard in Resources */ = {isa = PBXBuildFile; fileRef = 4B2C8C1825D4BB5400785DD5 /* LaunchScreen.storyboard */; };
		4B2C8C2525D4BB5400785DD5 /* flixsterTests.swift in Sources */ = {isa = PBXBuildFile; fileRef = 4B2C8C2425D4BB5400785DD5 /* flixsterTests.swift */; };
		4B2C8C3025D4BB5400785DD5 /* flixsterUITests.swift in Sources */ = {isa = PBXBuildFile; fileRef = 4B2C8C2F25D4BB5400785DD5 /* flixsterUITests.swift */; };
		803A003CBA3F23660EF6E9A1 /* Pods_flixsterTests.framework in Frameworks */ = {isa = PBXBuildFile; fileRef = C45C92DF92801ED4461DD472 /* Pods_flixsterTests.framework */; };
		C7080B56BDE2DD6899384D21 /* Pods_flixster.framework in Frameworks */ = {isa = PBXBuildFile; fileRef = 932A8EE9DBD44BB64432FE7E /* Pods_flixster.framework */; };
/* End PBXBuildFile section */

/* Begin PBXContainerItemProxy section */
		4B2C8C2125D4BB5400785DD5 /* PBXContainerItemProxy */ = {
			isa = PBXContainerItemProxy;
			containerPortal = 4B2C8C0225D4BB5200785DD5 /* Project object */;
			proxyType = 1;
			remoteGlobalIDString = 4B2C8C0925D4BB5200785DD5;
			remoteInfo = flixster;
		};
		4B2C8C2C25D4BB5400785DD5 /* PBXContainerItemProxy */ = {
			isa = PBXContainerItemProxy;
			containerPortal = 4B2C8C0225D4BB5200785DD5 /* Project object */;
			proxyType = 1;
			remoteGlobalIDString = 4B2C8C0925D4BB5200785DD5;
			remoteInfo = flixster;
		};
/* End PBXContainerItemProxy section */

/* Begin PBXFileReference section */
		20CC33B87D5E195852812079 /* Pods-flixsterUITests.debug.xcconfig */ = {isa = PBXFileReference; includeInIndex = 1; lastKnownFileType = text.xcconfig; name = "Pods-flixsterUITests.debug.xcconfig"; path = "Pods/Target Support Files/Pods-flixsterUITests/Pods-flixsterUITests.debug.xcconfig"; sourceTree = "<group>"; };
		4B22538525D65909000F364E /* MovieCell.swift */ = {isa = PBXFileReference; lastKnownFileType = sourcecode.swift; path = MovieCell.swift; sourceTree = "<group>"; };
		4B2C8C0A25D4BB5200785DD5 /* flixster.app */ = {isa = PBXFileReference; explicitFileType = wrapper.application; includeInIndex = 0; path = flixster.app; sourceTree = BUILT_PRODUCTS_DIR; };
		4B2C8C0D25D4BB5200785DD5 /* AppDelegate.swift */ = {isa = PBXFileReference; lastKnownFileType = sourcecode.swift; path = AppDelegate.swift; sourceTree = "<group>"; };
		4B2C8C0F25D4BB5200785DD5 /* SceneDelegate.swift */ = {isa = PBXFileReference; lastKnownFileType = sourcecode.swift; path = SceneDelegate.swift; sourceTree = "<group>"; };
		4B2C8C1125D4BB5200785DD5 /* ViewController.swift */ = {isa = PBXFileReference; lastKnownFileType = sourcecode.swift; path = ViewController.swift; sourceTree = "<group>"; };
		4B2C8C1425D4BB5200785DD5 /* Base */ = {isa = PBXFileReference; lastKnownFileType = file.storyboard; name = Base; path = Base.lproj/Main.storyboard; sourceTree = "<group>"; };
		4B2C8C1625D4BB5400785DD5 /* Assets.xcassets */ = {isa = PBXFileReference; lastKnownFileType = folder.assetcatalog; path = Assets.xcassets; sourceTree = "<group>"; };
		4B2C8C1925D4BB5400785DD5 /* Base */ = {isa = PBXFileReference; lastKnownFileType = file.storyboard; name = Base; path = Base.lproj/LaunchScreen.storyboard; sourceTree = "<group>"; };
		4B2C8C1B25D4BB5400785DD5 /* Info.plist */ = {isa = PBXFileReference; lastKnownFileType = text.plist.xml; path = Info.plist; sourceTree = "<group>"; };
		4B2C8C2025D4BB5400785DD5 /* flixsterTests.xctest */ = {isa = PBXFileReference; explicitFileType = wrapper.cfbundle; includeInIndex = 0; path = flixsterTests.xctest; sourceTree = BUILT_PRODUCTS_DIR; };
		4B2C8C2425D4BB5400785DD5 /* flixsterTests.swift */ = {isa = PBXFileReference; lastKnownFileType = sourcecode.swift; path = flixsterTests.swift; sourceTree = "<group>"; };
		4B2C8C2625D4BB5400785DD5 /* Info.plist */ = {isa = PBXFileReference; lastKnownFileType = text.plist.xml; path = Info.plist; sourceTree = "<group>"; };
		4B2C8C2B25D4BB5400785DD5 /* flixsterUITests.xctest */ = {isa = PBXFileReference; explicitFileType = wrapper.cfbundle; includeInIndex = 0; path = flixsterUITests.xctest; sourceTree = BUILT_PRODUCTS_DIR; };
		4B2C8C2F25D4BB5400785DD5 /* flixsterUITests.swift */ = {isa = PBXFileReference; lastKnownFileType = sourcecode.swift; path = flixsterUITests.swift; sourceTree = "<group>"; };
		4B2C8C3125D4BB5400785DD5 /* Info.plist */ = {isa = PBXFileReference; lastKnownFileType = text.plist.xml; path = Info.plist; sourceTree = "<group>"; };
		6DA4E3A0DA317BE655EC8E1B /* Pods-flixster.debug.xcconfig */ = {isa = PBXFileReference; includeInIndex = 1; lastKnownFileType = text.xcconfig; name = "Pods-flixster.debug.xcconfig"; path = "Pods/Target Support Files/Pods-flixster/Pods-flixster.debug.xcconfig"; sourceTree = "<group>"; };
		7A824E05A9F3CDB6CC19E05A /* Pods-flixsterTests.debug.xcconfig */ = {isa = PBXFileReference; includeInIndex = 1; lastKnownFileType = text.xcconfig; name = "Pods-flixsterTests.debug.xcconfig"; path = "Pods/Target Support Files/Pods-flixsterTests/Pods-flixsterTests.debug.xcconfig"; sourceTree = "<group>"; };
		930DB112AAF8B831DC70F816 /* Pods-flixsterTests.release.xcconfig */ = {isa = PBXFileReference; includeInIndex = 1; lastKnownFileType = text.xcconfig; name = "Pods-flixsterTests.release.xcconfig"; path = "Pods/Target Support Files/Pods-flixsterTests/Pods-flixsterTests.release.xcconfig"; sourceTree = "<group>"; };
		932A8EE9DBD44BB64432FE7E /* Pods_flixster.framework */ = {isa = PBXFileReference; explicitFileType = wrapper.framework; includeInIndex = 0; path = Pods_flixster.framework; sourceTree = BUILT_PRODUCTS_DIR; };
		B219FB3069AE43E49BCADCF8 /* Pods-flixsterUITests.release.xcconfig */ = {isa = PBXFileReference; includeInIndex = 1; lastKnownFileType = text.xcconfig; name = "Pods-flixsterUITests.release.xcconfig"; path = "Pods/Target Support Files/Pods-flixsterUITests/Pods-flixsterUITests.release.xcconfig"; sourceTree = "<group>"; };
		C45C92DF92801ED4461DD472 /* Pods_flixsterTests.framework */ = {isa = PBXFileReference; explicitFileType = wrapper.framework; includeInIndex = 0; path = Pods_flixsterTests.framework; sourceTree = BUILT_PRODUCTS_DIR; };
		E9A32D985F5850673E5248CF /* Pods_flixsterUITests.framework */ = {isa = PBXFileReference; explicitFileType = wrapper.framework; includeInIndex = 0; path = Pods_flixsterUITests.framework; sourceTree = BUILT_PRODUCTS_DIR; };
		EB48C8881722DB1E6241E552 /* Pods-flixster.release.xcconfig */ = {isa = PBXFileReference; includeInIndex = 1; lastKnownFileType = text.xcconfig; name = "Pods-flixster.release.xcconfig"; path = "Pods/Target Support Files/Pods-flixster/Pods-flixster.release.xcconfig"; sourceTree = "<group>"; };
/* End PBXFileReference section */

/* Begin PBXFrameworksBuildPhase section */
		4B2C8C0725D4BB5200785DD5 /* Frameworks */ = {
			isa = PBXFrameworksBuildPhase;
			buildActionMask = 2147483647;
			files = (
				C7080B56BDE2DD6899384D21 /* Pods_flixster.framework in Frameworks */,
			);
			runOnlyForDeploymentPostprocessing = 0;
		};
		4B2C8C1D25D4BB5400785DD5 /* Frameworks */ = {
			isa = PBXFrameworksBuildPhase;
			buildActionMask = 2147483647;
			files = (
				803A003CBA3F23660EF6E9A1 /* Pods_flixsterTests.framework in Frameworks */,
			);
			runOnlyForDeploymentPostprocessing = 0;
		};
		4B2C8C2825D4BB5400785DD5 /* Frameworks */ = {
			isa = PBXFrameworksBuildPhase;
			buildActionMask = 2147483647;
			files = (
				1C3C4D161563C4CEB0C8FEB0 /* Pods_flixsterUITests.framework in Frameworks */,
			);
			runOnlyForDeploymentPostprocessing = 0;
		};
/* End PBXFrameworksBuildPhase section */

/* Begin PBXGroup section */
		44ED06C85CE17F9FCF4DE864 /* Frameworks */ = {
			isa = PBXGroup;
			children = (
				932A8EE9DBD44BB64432FE7E /* Pods_flixster.framework */,
				C45C92DF92801ED4461DD472 /* Pods_flixsterTests.framework */,
				E9A32D985F5850673E5248CF /* Pods_flixsterUITests.framework */,
			);
			name = Frameworks;
			sourceTree = "<group>";
		};
		4B2C8C0125D4BB5200785DD5 = {
			isa = PBXGroup;
			children = (
				4B2C8C0C25D4BB5200785DD5 /* flixster */,
				4B2C8C2325D4BB5400785DD5 /* flixsterTests */,
				4B2C8C2E25D4BB5400785DD5 /* flixsterUITests */,
				4B2C8C0B25D4BB5200785DD5 /* Products */,
				58B61EAB70F9D54206ADEB0C /* Pods */,
				44ED06C85CE17F9FCF4DE864 /* Frameworks */,
			);
			sourceTree = "<group>";
		};
		4B2C8C0B25D4BB5200785DD5 /* Products */ = {
			isa = PBXGroup;
			children = (
				4B2C8C0A25D4BB5200785DD5 /* flixster.app */,
				4B2C8C2025D4BB5400785DD5 /* flixsterTests.xctest */,
				4B2C8C2B25D4BB5400785DD5 /* flixsterUITests.xctest */,
			);
			name = Products;
			sourceTree = "<group>";
		};
		4B2C8C0C25D4BB5200785DD5 /* flixster */ = {
			isa = PBXGroup;
			children = (
				4B2C8C0D25D4BB5200785DD5 /* AppDelegate.swift */,
				4B2C8C0F25D4BB5200785DD5 /* SceneDelegate.swift */,
				4B2C8C1125D4BB5200785DD5 /* ViewController.swift */,
				4B2C8C1325D4BB5200785DD5 /* Main.storyboard */,
				4B22538525D65909000F364E /* MovieCell.swift */,
				4B2C8C1625D4BB5400785DD5 /* Assets.xcassets */,
				4B2C8C1825D4BB5400785DD5 /* LaunchScreen.storyboard */,
				4B2C8C1B25D4BB5400785DD5 /* Info.plist */,
			);
			path = flixster;
			sourceTree = "<group>";
		};
		4B2C8C2325D4BB5400785DD5 /* flixsterTests */ = {
			isa = PBXGroup;
			children = (
				4B2C8C2425D4BB5400785DD5 /* flixsterTests.swift */,
				4B2C8C2625D4BB5400785DD5 /* Info.plist */,
			);
			path = flixsterTests;
			sourceTree = "<group>";
		};
		4B2C8C2E25D4BB5400785DD5 /* flixsterUITests */ = {
			isa = PBXGroup;
			children = (
				4B2C8C2F25D4BB5400785DD5 /* flixsterUITests.swift */,
				4B2C8C3125D4BB5400785DD5 /* Info.plist */,
			);
			path = flixsterUITests;
			sourceTree = "<group>";
		};
		58B61EAB70F9D54206ADEB0C /* Pods */ = {
			isa = PBXGroup;
			children = (
				6DA4E3A0DA317BE655EC8E1B /* Pods-flixster.debug.xcconfig */,
				EB48C8881722DB1E6241E552 /* Pods-flixster.release.xcconfig */,
				7A824E05A9F3CDB6CC19E05A /* Pods-flixsterTests.debug.xcconfig */,
				930DB112AAF8B831DC70F816 /* Pods-flixsterTests.release.xcconfig */,
				20CC33B87D5E195852812079 /* Pods-flixsterUITests.debug.xcconfig */,
				B219FB3069AE43E49BCADCF8 /* Pods-flixsterUITests.release.xcconfig */,
			);
			name = Pods;
			sourceTree = "<group>";
		};
/* End PBXGroup section */

/* Begin PBXNativeTarget section */
		4B2C8C0925D4BB5200785DD5 /* flixster */ = {
			isa = PBXNativeTarget;
			buildConfigurationList = 4B2C8C3425D4BB5400785DD5 /* Build configuration list for PBXNativeTarget "flixster" */;
			buildPhases = (
				81624679023E49B1695B3A15 /* [CP] Check Pods Manifest.lock */,
				4B2C8C0625D4BB5200785DD5 /* Sources */,
				4B2C8C0725D4BB5200785DD5 /* Frameworks */,
				4B2C8C0825D4BB5200785DD5 /* Resources */,
				75AC470985869EA5AF740FD9 /* [CP] Embed Pods Frameworks */,
			);
			buildRules = (
			);
			dependencies = (
			);
			name = flixster;
			productName = flixster;
			productReference = 4B2C8C0A25D4BB5200785DD5 /* flixster.app */;
			productType = "com.apple.product-type.application";
		};
		4B2C8C1F25D4BB5400785DD5 /* flixsterTests */ = {
			isa = PBXNativeTarget;
			buildConfigurationList = 4B2C8C3725D4BB5400785DD5 /* Build configuration list for PBXNativeTarget "flixsterTests" */;
			buildPhases = (
				E2951C5375E1667421C0A055 /* [CP] Check Pods Manifest.lock */,
				4B2C8C1C25D4BB5400785DD5 /* Sources */,
				4B2C8C1D25D4BB5400785DD5 /* Frameworks */,
				4B2C8C1E25D4BB5400785DD5 /* Resources */,
			);
			buildRules = (
			);
			dependencies = (
				4B2C8C2225D4BB5400785DD5 /* PBXTargetDependency */,
			);
			name = flixsterTests;
			productName = flixsterTests;
			productReference = 4B2C8C2025D4BB5400785DD5 /* flixsterTests.xctest */;
			productType = "com.apple.product-type.bundle.unit-test";
		};
		4B2C8C2A25D4BB5400785DD5 /* flixsterUITests */ = {
			isa = PBXNativeTarget;
			buildConfigurationList = 4B2C8C3A25D4BB5400785DD5 /* Build configuration list for PBXNativeTarget "flixsterUITests" */;
			buildPhases = (
				73B1FF726A91B5CDEFE777DA /* [CP] Check Pods Manifest.lock */,
				4B2C8C2725D4BB5400785DD5 /* Sources */,
				4B2C8C2825D4BB5400785DD5 /* Frameworks */,
				4B2C8C2925D4BB5400785DD5 /* Resources */,
			);
			buildRules = (
			);
			dependencies = (
				4B2C8C2D25D4BB5400785DD5 /* PBXTargetDependency */,
			);
			name = flixsterUITests;
			productName = flixsterUITests;
			productReference = 4B2C8C2B25D4BB5400785DD5 /* flixsterUITests.xctest */;
			productType = "com.apple.product-type.bundle.ui-testing";
		};
/* End PBXNativeTarget section */

/* Begin PBXProject section */
		4B2C8C0225D4BB5200785DD5 /* Project object */ = {
			isa = PBXProject;
			attributes = {
				LastSwiftUpdateCheck = 1220;
				LastUpgradeCheck = 1220;
				TargetAttributes = {
					4B2C8C0925D4BB5200785DD5 = {
						CreatedOnToolsVersion = 12.2;
					};
					4B2C8C1F25D4BB5400785DD5 = {
						CreatedOnToolsVersion = 12.2;
						TestTargetID = 4B2C8C0925D4BB5200785DD5;
					};
					4B2C8C2A25D4BB5400785DD5 = {
						CreatedOnToolsVersion = 12.2;
						TestTargetID = 4B2C8C0925D4BB5200785DD5;
					};
				};
			};
			buildConfigurationList = 4B2C8C0525D4BB5200785DD5 /* Build configuration list for PBXProject "flixster" */;
			compatibilityVersion = "Xcode 9.3";
			developmentRegion = en;
			hasScannedForEncodings = 0;
			knownRegions = (
				en,
				Base,
			);
			mainGroup = 4B2C8C0125D4BB5200785DD5;
			productRefGroup = 4B2C8C0B25D4BB5200785DD5 /* Products */;
			projectDirPath = "";
			projectRoot = "";
			targets = (
				4B2C8C0925D4BB5200785DD5 /* flixster */,
				4B2C8C1F25D4BB5400785DD5 /* flixsterTests */,
				4B2C8C2A25D4BB5400785DD5 /* flixsterUITests */,
			);
		};
/* End PBXProject section */

/* Begin PBXResourcesBuildPhase section */
		4B2C8C0825D4BB5200785DD5 /* Resources */ = {
			isa = PBXResourcesBuildPhase;
			buildActionMask = 2147483647;
			files = (
				4B2C8C1A25D4BB5400785DD5 /* LaunchScreen.storyboard in Resources */,
				4B2C8C1725D4BB5400785DD5 /* Assets.xcassets in Resources */,
				4B2C8C1525D4BB5200785DD5 /* Main.storyboard in Resources */,
			);
			runOnlyForDeploymentPostprocessing = 0;
		};
		4B2C8C1E25D4BB5400785DD5 /* Resources */ = {
			isa = PBXResourcesBuildPhase;
			buildActionMask = 2147483647;
			files = (
			);
			runOnlyForDeploymentPostprocessing = 0;
		};
		4B2C8C2925D4BB5400785DD5 /* Resources */ = {
			isa = PBXResourcesBuildPhase;
			buildActionMask = 2147483647;
			files = (
			);
			runOnlyForDeploymentPostprocessing = 0;
		};
/* End PBXResourcesBuildPhase section */

/* Begin PBXShellScriptBuildPhase section */
		73B1FF726A91B5CDEFE777DA /* [CP] Check Pods Manifest.lock */ = {
			isa = PBXShellScriptBuildPhase;
			buildActionMask = 2147483647;
			files = (
			);
			inputPaths = (
				"${PODS_PODFILE_DIR_PATH}/Podfile.lock",
				"${PODS_ROOT}/Manifest.lock",
			);
			name = "[CP] Check Pods Manifest.lock";
			outputPaths = (
				"$(DERIVED_FILE_DIR)/Pods-flixsterUITests-checkManifestLockResult.txt",
			);
			runOnlyForDeploymentPostprocessing = 0;
			shellPath = /bin/sh;
			shellScript = "diff \"${PODS_PODFILE_DIR_PATH}/Podfile.lock\" \"${PODS_ROOT}/Manifest.lock\" > /dev/null\nif [ $? != 0 ] ; then\n    # print error to STDERR\n    echo \"error: The sandbox is not in sync with the Podfile.lock. Run 'pod install' or update your CocoaPods installation.\" >&2\n    exit 1\nfi\n# This output is used by Xcode 'outputs' to avoid re-running this script phase.\necho \"SUCCESS\" > \"${SCRIPT_OUTPUT_FILE_0}\"\n";
			showEnvVarsInLog = 0;
		};
		75AC470985869EA5AF740FD9 /* [CP] Embed Pods Frameworks */ = {
			isa = PBXShellScriptBuildPhase;
			buildActionMask = 2147483647;
			files = (
			);
			inputPaths = (
				"${SRCROOT}/Pods/Target Support Files/Pods-flixster/Pods-flixster-frameworks.sh",
				"${BUILT_PRODUCTS_DIR}/Alamofire/Alamofire.framework",
				"${BUILT_PRODUCTS_DIR}/AlamofireImage/AlamofireImage.framework",
			);
			name = "[CP] Embed Pods Frameworks";
			outputPaths = (
				"${TARGET_BUILD_DIR}/${FRAMEWORKS_FOLDER_PATH}/Alamofire.framework",
				"${TARGET_BUILD_DIR}/${FRAMEWORKS_FOLDER_PATH}/AlamofireImage.framework",
			);
			runOnlyForDeploymentPostprocessing = 0;
			shellPath = /bin/sh;
			shellScript = "\"${SRCROOT}/Pods/Target Support Files/Pods-flixster/Pods-flixster-frameworks.sh\"\n";
			showEnvVarsInLog = 0;
		};
		81624679023E49B1695B3A15 /* [CP] Check Pods Manifest.lock */ = {
			isa = PBXShellScriptBuildPhase;
			buildActionMask = 2147483647;
			files = (
			);
			inputPaths = (
				"${PODS_PODFILE_DIR_PATH}/Podfile.lock",
				"${PODS_ROOT}/Manifest.lock",
			);
			name = "[CP] Check Pods Manifest.lock";
			outputPaths = (
				"$(DERIVED_FILE_DIR)/Pods-flixster-checkManifestLockResult.txt",
			);
			runOnlyForDeploymentPostprocessing = 0;
			shellPath = /bin/sh;
			shellScript = "diff \"${PODS_PODFILE_DIR_PATH}/Podfile.lock\" \"${PODS_ROOT}/Manifest.lock\" > /dev/null\nif [ $? != 0 ] ; then\n    # print error to STDERR\n    echo \"error: The sandbox is not in sync with the Podfile.lock. Run 'pod install' or update your CocoaPods installation.\" >&2\n    exit 1\nfi\n# This output is used by Xcode 'outputs' to avoid re-running this script phase.\necho \"SUCCESS\" > \"${SCRIPT_OUTPUT_FILE_0}\"\n";
			showEnvVarsInLog = 0;
		};
		E2951C5375E1667421C0A055 /* [CP] Check Pods Manifest.lock */ = {
			isa = PBXShellScriptBuildPhase;
			buildActionMask = 2147483647;
			files = (
			);
			inputPaths = (
				"${PODS_PODFILE_DIR_PATH}/Podfile.lock",
				"${PODS_ROOT}/Manifest.lock",
			);
			name = "[CP] Check Pods Manifest.lock";
			outputPaths = (
				"$(DERIVED_FILE_DIR)/Pods-flixsterTests-checkManifestLockResult.txt",
			);
			runOnlyForDeploymentPostprocessing = 0;
			shellPath = /bin/sh;
			shellScript = "diff \"${PODS_PODFILE_DIR_PATH}/Podfile.lock\" \"${PODS_ROOT}/Manifest.lock\" > /dev/null\nif [ $? != 0 ] ; then\n    # print error to STDERR\n    echo \"error: The sandbox is not in sync with the Podfile.lock. Run 'pod install' or update your CocoaPods installation.\" >&2\n    exit 1\nfi\n# This output is used by Xcode 'outputs' to avoid re-running this script phase.\necho \"SUCCESS\" > \"${SCRIPT_OUTPUT_FILE_0}\"\n";
			showEnvVarsInLog = 0;
		};
/* End PBXShellScriptBuildPhase section */

/* Begin PBXSourcesBuildPhase section */
		4B2C8C0625D4BB5200785DD5 /* Sources */ = {
			isa = PBXSourcesBuildPhase;
			buildActionMask = 2147483647;
			files = (
				4B2C8C1225D4BB5200785DD5 /* ViewController.swift in Sources */,
				4B2C8C0E25D4BB5200785DD5 /* AppDelegate.swift in Sources */,
				4B22538625D65909000F364E /* MovieCell.swift in Sources */,
				4B2C8C1025D4BB5200785DD5 /* SceneDelegate.swift in Sources */,
			);
			runOnlyForDeploymentPostprocessing = 0;
		};
		4B2C8C1C25D4BB5400785DD5 /* Sources */ = {
			isa = PBXSourcesBuildPhase;
			buildActionMask = 2147483647;
			files = (
				4B2C8C2525D4BB5400785DD5 /* flixsterTests.swift in Sources */,
			);
			runOnlyForDeploymentPostprocessing = 0;
		};
		4B2C8C2725D4BB5400785DD5 /* Sources */ = {
			isa = PBXSourcesBuildPhase;
			buildActionMask = 2147483647;
			files = (
				4B2C8C3025D4BB5400785DD5 /* flixsterUITests.swift in Sources */,
			);
			runOnlyForDeploymentPostprocessing = 0;
		};
/* End PBXSourcesBuildPhase section */

/* Begin PBXTargetDependency section */
		4B2C8C2225D4BB5400785DD5 /* PBXTargetDependency */ = {
			isa = PBXTargetDependency;
			target = 4B2C8C0925D4BB5200785DD5 /* flixster */;
			targetProxy = 4B2C8C2125D4BB5400785DD5 /* PBXContainerItemProxy */;
		};
		4B2C8C2D25D4BB5400785DD5 /* PBXTargetDependency */ = {
			isa = PBXTargetDependency;
			target = 4B2C8C0925D4BB5200785DD5 /* flixster */;
			targetProxy = 4B2C8C2C25D4BB5400785DD5 /* PBXContainerItemProxy */;
		};
/* End PBXTargetDependency section */

/* Begin PBXVariantGroup section */
		4B2C8C1325D4BB5200785DD5 /* Main.storyboard */ = {
			isa = PBXVariantGroup;
			children = (
				4B2C8C1425D4BB5200785DD5 /* Base */,
			);
			name = Main.storyboard;
			sourceTree = "<group>";
		};
		4B2C8C1825D4BB5400785DD5 /* LaunchScreen.storyboard */ = {
			isa = PBXVariantGroup;
			children = (
				4B2C8C1925D4BB5400785DD5 /* Base */,
			);
			name = LaunchScreen.storyboard;
			sourceTree = "<group>";
		};
/* End PBXVariantGroup section */

/* Begin XCBuildConfiguration section */
		4B2C8C3225D4BB5400785DD5 /* Debug */ = {
			isa = XCBuildConfiguration;
			buildSettings = {
				ALWAYS_SEARCH_USER_PATHS = NO;
				CLANG_ANALYZER_NONNULL = YES;
				CLANG_ANALYZER_NUMBER_OBJECT_CONVERSION = YES_AGGRESSIVE;
				CLANG_CXX_LANGUAGE_STANDARD = "gnu++14";
				CLANG_CXX_LIBRARY = "libc++";
				CLANG_ENABLE_MODULES = YES;
				CLANG_ENABLE_OBJC_ARC = YES;
				CLANG_ENABLE_OBJC_WEAK = YES;
				CLANG_WARN_BLOCK_CAPTURE_AUTORELEASING = YES;
				CLANG_WARN_BOOL_CONVERSION = YES;
				CLANG_WARN_COMMA = YES;
				CLANG_WARN_CONSTANT_CONVERSION = YES;
				CLANG_WARN_DEPRECATED_OBJC_IMPLEMENTATIONS = YES;
				CLANG_WARN_DIRECT_OBJC_ISA_USAGE = YES_ERROR;
				CLANG_WARN_DOCUMENTATION_COMMENTS = YES;
				CLANG_WARN_EMPTY_BODY = YES;
				CLANG_WARN_ENUM_CONVERSION = YES;
				CLANG_WARN_INFINITE_RECURSION = YES;
				CLANG_WARN_INT_CONVERSION = YES;
				CLANG_WARN_NON_LITERAL_NULL_CONVERSION = YES;
				CLANG_WARN_OBJC_IMPLICIT_RETAIN_SELF = YES;
				CLANG_WARN_OBJC_LITERAL_CONVERSION = YES;
				CLANG_WARN_OBJC_ROOT_CLASS = YES_ERROR;
				CLANG_WARN_QUOTED_INCLUDE_IN_FRAMEWORK_HEADER = YES;
				CLANG_WARN_RANGE_LOOP_ANALYSIS = YES;
				CLANG_WARN_STRICT_PROTOTYPES = YES;
				CLANG_WARN_SUSPICIOUS_MOVE = YES;
				CLANG_WARN_UNGUARDED_AVAILABILITY = YES_AGGRESSIVE;
				CLANG_WARN_UNREACHABLE_CODE = YES;
				CLANG_WARN__DUPLICATE_METHOD_MATCH = YES;
				COPY_PHASE_STRIP = NO;
				DEBUG_INFORMATION_FORMAT = dwarf;
				ENABLE_STRICT_OBJC_MSGSEND = YES;
				ENABLE_TESTABILITY = YES;
				GCC_C_LANGUAGE_STANDARD = gnu11;
				GCC_DYNAMIC_NO_PIC = NO;
				GCC_NO_COMMON_BLOCKS = YES;
				GCC_OPTIMIZATION_LEVEL = 0;
				GCC_PREPROCESSOR_DEFINITIONS = (
					"DEBUG=1",
					"$(inherited)",
				);
				GCC_WARN_64_TO_32_BIT_CONVERSION = YES;
				GCC_WARN_ABOUT_RETURN_TYPE = YES_ERROR;
				GCC_WARN_UNDECLARED_SELECTOR = YES;
				GCC_WARN_UNINITIALIZED_AUTOS = YES_AGGRESSIVE;
				GCC_WARN_UNUSED_FUNCTION = YES;
				GCC_WARN_UNUSED_VARIABLE = YES;
				IPHONEOS_DEPLOYMENT_TARGET = 14.2;
				MTL_ENABLE_DEBUG_INFO = INCLUDE_SOURCE;
				MTL_FAST_MATH = YES;
				ONLY_ACTIVE_ARCH = YES;
				SDKROOT = iphoneos;
				SWIFT_ACTIVE_COMPILATION_CONDITIONS = DEBUG;
				SWIFT_OPTIMIZATION_LEVEL = "-Onone";
			};
			name = Debug;
		};
		4B2C8C3325D4BB5400785DD5 /* Release */ = {
			isa = XCBuildConfiguration;
			buildSettings = {
				ALWAYS_SEARCH_USER_PATHS = NO;
				CLANG_ANALYZER_NONNULL = YES;
				CLANG_ANALYZER_NUMBER_OBJECT_CONVERSION = YES_AGGRESSIVE;
				CLANG_CXX_LANGUAGE_STANDARD = "gnu++14";
				CLANG_CXX_LIBRARY = "libc++";
				CLANG_ENABLE_MODULES = YES;
				CLANG_ENABLE_OBJC_ARC = YES;
				CLANG_ENABLE_OBJC_WEAK = YES;
				CLANG_WARN_BLOCK_CAPTURE_AUTORELEASING = YES;
				CLANG_WARN_BOOL_CONVERSION = YES;
				CLANG_WARN_COMMA = YES;
				CLANG_WARN_CONSTANT_CONVERSION = YES;
				CLANG_WARN_DEPRECATED_OBJC_IMPLEMENTATIONS = YES;
				CLANG_WARN_DIRECT_OBJC_ISA_USAGE = YES_ERROR;
				CLANG_WARN_DOCUMENTATION_COMMENTS = YES;
				CLANG_WARN_EMPTY_BODY = YES;
				CLANG_WARN_ENUM_CONVERSION = YES;
				CLANG_WARN_INFINITE_RECURSION = YES;
				CLANG_WARN_INT_CONVERSION = YES;
				CLANG_WARN_NON_LITERAL_NULL_CONVERSION = YES;
				CLANG_WARN_OBJC_IMPLICIT_RETAIN_SELF = YES;
				CLANG_WARN_OBJC_LITERAL_CONVERSION = YES;
				CLANG_WARN_OBJC_ROOT_CLASS = YES_ERROR;
				CLANG_WARN_QUOTED_INCLUDE_IN_FRAMEWORK_HEADER = YES;
				CLANG_WARN_RANGE_LOOP_ANALYSIS = YES;
				CLANG_WARN_STRICT_PROTOTYPES = YES;
				CLANG_WARN_SUSPICIOUS_MOVE = YES;
				CLANG_WARN_UNGUARDED_AVAILABILITY = YES_AGGRESSIVE;
				CLANG_WARN_UNREACHABLE_CODE = YES;
				CLANG_WARN__DUPLICATE_METHOD_MATCH = YES;
				COPY_PHASE_STRIP = NO;
				DEBUG_INFORMATION_FORMAT = "dwarf-with-dsym";
				ENABLE_NS_ASSERTIONS = NO;
				ENABLE_STRICT_OBJC_MSGSEND = YES;
				GCC_C_LANGUAGE_STANDARD = gnu11;
				GCC_NO_COMMON_BLOCKS = YES;
				GCC_WARN_64_TO_32_BIT_CONVERSION = YES;
				GCC_WARN_ABOUT_RETURN_TYPE = YES_ERROR;
				GCC_WARN_UNDECLARED_SELECTOR = YES;
				GCC_WARN_UNINITIALIZED_AUTOS = YES_AGGRESSIVE;
				GCC_WARN_UNUSED_FUNCTION = YES;
				GCC_WARN_UNUSED_VARIABLE = YES;
				IPHONEOS_DEPLOYMENT_TARGET = 14.2;
				MTL_ENABLE_DEBUG_INFO = NO;
				MTL_FAST_MATH = YES;
				SDKROOT = iphoneos;
				SWIFT_COMPILATION_MODE = wholemodule;
				SWIFT_OPTIMIZATION_LEVEL = "-O";
				VALIDATE_PRODUCT = YES;
			};
			name = Release;
		};
		4B2C8C3525D4BB5400785DD5 /* Debug */ = {
			isa = XCBuildConfiguration;
			baseConfigurationReference = 6DA4E3A0DA317BE655EC8E1B /* Pods-flixster.debug.xcconfig */;
			buildSettings = {
				ASSETCATALOG_COMPILER_APPICON_NAME = AppIcon;
				ASSETCATALOG_COMPILER_GLOBAL_ACCENT_COLOR_NAME = AccentColor;
				CODE_SIGN_STYLE = Automatic;
				INFOPLIST_FILE = flixster/Info.plist;
				LD_RUNPATH_SEARCH_PATHS = (
					"$(inherited)",
					"@executable_path/Frameworks",
				);
				PRODUCT_BUNDLE_IDENTIFIER = memo.com.flixster;
				PRODUCT_NAME = "$(TARGET_NAME)";
				SWIFT_VERSION = 5.0;
				TARGETED_DEVICE_FAMILY = "1,2";
			};
			name = Debug;
		};
		4B2C8C3625D4BB5400785DD5 /* Release */ = {
			isa = XCBuildConfiguration;
			baseConfigurationReference = EB48C8881722DB1E6241E552 /* Pods-flixster.release.xcconfig */;
			buildSettings = {
				ASSETCATALOG_COMPILER_APPICON_NAME = AppIcon;
				ASSETCATALOG_COMPILER_GLOBAL_ACCENT_COLOR_NAME = AccentColor;
				CODE_SIGN_STYLE = Automatic;
				INFOPLIST_FILE = flixster/Info.plist;
				LD_RUNPATH_SEARCH_PATHS = (
					"$(inherited)",
					"@executable_path/Frameworks",
				);
				PRODUCT_BUNDLE_IDENTIFIER = memo.com.flixster;
				PRODUCT_NAME = "$(TARGET_NAME)";
				SWIFT_VERSION = 5.0;
				TARGETED_DEVICE_FAMILY = "1,2";
			};
			name = Release;
		};
		4B2C8C3825D4BB5400785DD5 /* Debug */ = {
			isa = XCBuildConfiguration;
			baseConfigurationReference = 7A824E05A9F3CDB6CC19E05A /* Pods-flixsterTests.debug.xcconfig */;
			buildSettings = {
				ALWAYS_EMBED_SWIFT_STANDARD_LIBRARIES = YES;
				BUNDLE_LOADER = "$(TEST_HOST)";
				CODE_SIGN_STYLE = Automatic;
				INFOPLIST_FILE = flixsterTests/Info.plist;
				IPHONEOS_DEPLOYMENT_TARGET = 14.2;
				LD_RUNPATH_SEARCH_PATHS = (
					"$(inherited)",
					"@executable_path/Frameworks",
					"@loader_path/Frameworks",
				);
				PRODUCT_BUNDLE_IDENTIFIER = memo.com.flixsterTests;
				PRODUCT_NAME = "$(TARGET_NAME)";
				SWIFT_VERSION = 5.0;
				TARGETED_DEVICE_FAMILY = "1,2";
				TEST_HOST = "$(BUILT_PRODUCTS_DIR)/flixster.app/flixster";
			};
			name = Debug;
		};
		4B2C8C3925D4BB5400785DD5 /* Release */ = {
			isa = XCBuildConfiguration;
			baseConfigurationReference = 930DB112AAF8B831DC70F816 /* Pods-flixsterTests.release.xcconfig */;
			buildSettings = {
				ALWAYS_EMBED_SWIFT_STANDARD_LIBRARIES = YES;
				BUNDLE_LOADER = "$(TEST_HOST)";
				CODE_SIGN_STYLE = Automatic;
				INFOPLIST_FILE = flixsterTests/Info.plist;
				IPHONEOS_DEPLOYMENT_TARGET = 14.2;
				LD_RUNPATH_SEARCH_PATHS = (
					"$(inherited)",
					"@executable_path/Frameworks",
					"@loader_path/Frameworks",
				);
				PRODUCT_BUNDLE_IDENTIFIER = memo.com.flixsterTests;
				PRODUCT_NAME = "$(TARGET_NAME)";
				SWIFT_VERSION = 5.0;
				TARGETED_DEVICE_FAMILY = "1,2";
				TEST_HOST = "$(BUILT_PRODUCTS_DIR)/flixster.app/flixster";
			};
			name = Release;
		};
		4B2C8C3B25D4BB5400785DD5 /* Debug */ = {
			isa = XCBuildConfiguration;
			baseConfigurationReference = 20CC33B87D5E195852812079 /* Pods-flixsterUITests.debug.xcconfig */;
			buildSettings = {
				ALWAYS_EMBED_SWIFT_STANDARD_LIBRARIES = YES;
				CODE_SIGN_STYLE = Automatic;
				INFOPLIST_FILE = flixsterUITests/Info.plist;
				LD_RUNPATH_SEARCH_PATHS = (
					"$(inherited)",
					"@executable_path/Frameworks",
					"@loader_path/Frameworks",
				);
				PRODUCT_BUNDLE_IDENTIFIER = memo.com.flixsterUITests;
				PRODUCT_NAME = "$(TARGET_NAME)";
				SWIFT_VERSION = 5.0;
				TARGETED_DEVICE_FAMILY = "1,2";
				TEST_TARGET_NAME = flixster;
			};
			name = Debug;
		};
		4B2C8C3C25D4BB5400785DD5 /* Release */ = {
			isa = XCBuildConfiguration;
			baseConfigurationReference = B219FB3069AE43E49BCADCF8 /* Pods-flixsterUITests.release.xcconfig */;
			buildSettings = {
				ALWAYS_EMBED_SWIFT_STANDARD_LIBRARIES = YES;
				CODE_SIGN_STYLE = Automatic;
				INFOPLIST_FILE = flixsterUITests/Info.plist;
				LD_RUNPATH_SEARCH_PATHS = (
					"$(inherited)",
					"@executable_path/Frameworks",
					"@loader_path/Frameworks",
				);
				PRODUCT_BUNDLE_IDENTIFIER = memo.com.flixsterUITests;
				PRODUCT_NAME = "$(TARGET_NAME)";
				SWIFT_VERSION = 5.0;
				TARGETED_DEVICE_FAMILY = "1,2";
				TEST_TARGET_NAME = flixster;
			};
			name = Release;
		};
/* End XCBuildConfiguration section */

/* Begin XCConfigurationList section */
		4B2C8C0525D4BB5200785DD5 /* Build configuration list for PBXProject "flixster" */ = {
			isa = XCConfigurationList;
			buildConfigurations = (
				4B2C8C3225D4BB5400785DD5 /* Debug */,
				4B2C8C3325D4BB5400785DD5 /* Release */,
			);
			defaultConfigurationIsVisible = 0;
			defaultConfigurationName = Release;
		};
		4B2C8C3425D4BB5400785DD5 /* Build configuration list for PBXNativeTarget "flixster" */ = {
			isa = XCConfigurationList;
			buildConfigurations = (
				4B2C8C3525D4BB5400785DD5 /* Debug */,
				4B2C8C3625D4BB5400785DD5 /* Release */,
			);
			defaultConfigurationIsVisible = 0;
			defaultConfigurationName = Release;
		};
		4B2C8C3725D4BB5400785DD5 /* Build configuration list for PBXNativeTarget "flixsterTests" */ = {
			isa = XCConfigurationList;
			buildConfigurations = (
				4B2C8C3825D4BB5400785DD5 /* Debug */,
				4B2C8C3925D4BB5400785DD5 /* Release */,
			);
			defaultConfigurationIsVisible = 0;
			defaultConfigurationName = Release;
		};
		4B2C8C3A25D4BB5400785DD5 /* Build configuration list for PBXNativeTarget "flixsterUITests" */ = {
			isa = XCConfigurationList;
			buildConfigurations = (
				4B2C8C3B25D4BB5400785DD5 /* Debug */,
				4B2C8C3C25D4BB5400785DD5 /* Release */,
			);
			defaultConfigurationIsVisible = 0;
			defaultConfigurationName = Release;
		};
/* End XCConfigurationList section */
	};
	rootObject = 4B2C8C0225D4BB5200785DD5 /* Project object */;
}
